
Microsoft Visual Studio Solution File, Format Version 12.00
# Visual Studio 15
VisualStudioVersion = 15.0.28107.0
MinimumVisualStudioVersion = 10.0.40219.1
Project("{9A19103F-16F7-4668-BE54-9A1E7A4F7556}") = "BlazorSushi", "BlazorSushi\BlazorSushi.csproj", "{DAC62F04-957A-4828-896B-BC4A0794EFEB}"
EndProject
Global
	GlobalSection(SolutionConfigurationPlatforms) = preSolution
		Debug|Any CPU = Debug|Any CPU
		Release|Any CPU = Release|Any CPU
	EndGlobalSection
	GlobalSection(ProjectConfigurationPlatforms) = postSolution
		{DAC62F04-957A-4828-896B-BC4A0794EFEB}.Debug|Any CPU.ActiveCfg = Debug|Any CPU
		{DAC62F04-957A-4828-896B-BC4A0794EFEB}.Debug|Any CPU.Build.0 = Debug|Any CPU
		{DAC62F04-957A-4828-896B-BC4A0794EFEB}.Release|Any CPU.ActiveCfg = Release|Any CPU
		{DAC62F04-957A-4828-896B-BC4A0794EFEB}.Release|Any CPU.Build.0 = Release|Any CPU
	EndGlobalSection
	GlobalSection(SolutionProperties) = preSolution
		HideSolutionNode = FALSE
	EndGlobalSection
	GlobalSection(ExtensibilityGlobals) = postSolution
		SolutionGuid = {BC771503-CD00-4EE9-AB9D-98CAE63ACEA9}
	EndGlobalSection
EndGlobal
